
Microsoft Visual Studio Solution File, Format Version 12.00
# Visual Studio Version 17
VisualStudioVersion = 17.7.34221.43
MinimumVisualStudioVersion = 10.0.40219.1
Project("{FAE04EC0-301F-11D3-BF4B-00C04F79EFBC}") = "MultiplicarMatrizes", "MultiplicarMatrizes\MultiplicarMatrizes.csproj", "{EC051B82-3E28-4F34-A190-CF45CF8EB0DA}"
EndProject
Global
	GlobalSection(SolutionConfigurationPlatforms) = preSolution
		Debug|Any CPU = Debug|Any CPU
		Release|Any CPU = Release|Any CPU
	EndGlobalSection
	GlobalSection(ProjectConfigurationPlatforms) = postSolution
		{EC051B82-3E28-4F34-A190-CF45CF8EB0DA}.Debug|Any CPU.ActiveCfg = Debug|Any CPU
		{EC051B82-3E28-4F34-A190-CF45CF8EB0DA}.Debug|Any CPU.Build.0 = Debug|Any CPU
		{EC051B82-3E28-4F34-A190-CF45CF8EB0DA}.Release|Any CPU.ActiveCfg = Release|Any CPU
		{EC051B82-3E28-4F34-A190-CF45CF8EB0DA}.Release|Any CPU.Build.0 = Release|Any CPU
	EndGlobalSection
	GlobalSection(SolutionProperties) = preSolution
		HideSolutionNode = FALSE
	EndGlobalSection
	GlobalSection(ExtensibilityGlobals) = postSolution
		SolutionGuid = {2A699278-7912-42A2-910D-644D5FBF4849}
	EndGlobalSection
EndGlobal
